
Microsoft Visual Studio Solution File, Format Version 12.00
# Visual Studio 14
VisualStudioVersion = 14.0.23107.0
MinimumVisualStudioVersion = 10.0.40219.1
Project("{FAE04EC0-301F-11D3-BF4B-00C04F79EFBC}") = "Plot", "Plot\Plot.csproj", "{56EB9CCC-95DD-4CC2-BBA9-67658F04B49E}"
EndProject
Project("{FAE04EC0-301F-11D3-BF4B-00C04F79EFBC}") = "Plot.Tests", "Plot.Tests\Plot.Tests.csproj", "{F896947A-C70D-441F-96B9-85DBAEFCDB78}"
EndProject
Project("{FAE04EC0-301F-11D3-BF4B-00C04F79EFBC}") = "Plot.Sample", "Plot.Sample\Plot.Sample.csproj", "{8C778B45-4400-45E2-892F-BC2615DFADF2}"
EndProject
Project("{FAE04EC0-301F-11D3-BF4B-00C04F79EFBC}") = "Plot.Neo4j", "Plot.Neo4j\Plot.Neo4j.csproj", "{70934B7A-3CDC-42AB-B6FC-FF164F7AC2AA}"
EndProject
Project("{FAE04EC0-301F-11D3-BF4B-00C04F79EFBC}") = "Plot.Sample.Data", "Plot.Sample.Data\Plot.Sample.Data.csproj", "{2EA2765C-2756-46CC-AEAE-27FA51FBFA48}"
EndProject
Project("{FAE04EC0-301F-11D3-BF4B-00C04F79EFBC}") = "Plot.Sample.Host", "Plot.Sample.Host\Plot.Sample.Host.csproj", "{81B05B81-52F3-470E-863A-81CA867AA207}"
EndProject
Project("{2150E333-8FDC-42A3-9474-1A3956D46DE8}") = "Sample", "Sample", "{7AFBB48B-AAB2-4D85-9952-1F7C6457F622}"
EndProject
Global
	GlobalSection(SolutionConfigurationPlatforms) = preSolution
		Debug|Any CPU = Debug|Any CPU
		Release|Any CPU = Release|Any CPU
	EndGlobalSection
	GlobalSection(ProjectConfigurationPlatforms) = postSolution
		{56EB9CCC-95DD-4CC2-BBA9-67658F04B49E}.Debug|Any CPU.ActiveCfg = Debug|Any CPU
		{56EB9CCC-95DD-4CC2-BBA9-67658F04B49E}.Debug|Any CPU.Build.0 = Debug|Any CPU
		{56EB9CCC-95DD-4CC2-BBA9-67658F04B49E}.Release|Any CPU.ActiveCfg = Release|Any CPU
		{56EB9CCC-95DD-4CC2-BBA9-67658F04B49E}.Release|Any CPU.Build.0 = Release|Any CPU
		{F896947A-C70D-441F-96B9-85DBAEFCDB78}.Debug|Any CPU.ActiveCfg = Debug|Any CPU
		{F896947A-C70D-441F-96B9-85DBAEFCDB78}.Debug|Any CPU.Build.0 = Debug|Any CPU
		{F896947A-C70D-441F-96B9-85DBAEFCDB78}.Release|Any CPU.ActiveCfg = Release|Any CPU
		{F896947A-C70D-441F-96B9-85DBAEFCDB78}.Release|Any CPU.Build.0 = Release|Any CPU
		{8C778B45-4400-45E2-892F-BC2615DFADF2}.Debug|Any CPU.ActiveCfg = Debug|Any CPU
		{8C778B45-4400-45E2-892F-BC2615DFADF2}.Debug|Any CPU.Build.0 = Debug|Any CPU
		{8C778B45-4400-45E2-892F-BC2615DFADF2}.Release|Any CPU.ActiveCfg = Release|Any CPU
		{8C778B45-4400-45E2-892F-BC2615DFADF2}.Release|Any CPU.Build.0 = Release|Any CPU
		{70934B7A-3CDC-42AB-B6FC-FF164F7AC2AA}.Debug|Any CPU.ActiveCfg = Debug|Any CPU
		{70934B7A-3CDC-42AB-B6FC-FF164F7AC2AA}.Debug|Any CPU.Build.0 = Debug|Any CPU
		{70934B7A-3CDC-42AB-B6FC-FF164F7AC2AA}.Release|Any CPU.ActiveCfg = Release|Any CPU
		{70934B7A-3CDC-42AB-B6FC-FF164F7AC2AA}.Release|Any CPU.Build.0 = Release|Any CPU
		{2EA2765C-2756-46CC-AEAE-27FA51FBFA48}.Debug|Any CPU.ActiveCfg = Debug|Any CPU
		{2EA2765C-2756-46CC-AEAE-27FA51FBFA48}.Debug|Any CPU.Build.0 = Debug|Any CPU
		{2EA2765C-2756-46CC-AEAE-27FA51FBFA48}.Release|Any CPU.ActiveCfg = Release|Any CPU
		{2EA2765C-2756-46CC-AEAE-27FA51FBFA48}.Release|Any CPU.Build.0 = Release|Any CPU
		{81B05B81-52F3-470E-863A-81CA867AA207}.Debug|Any CPU.ActiveCfg = Debug|Any CPU
		{81B05B81-52F3-470E-863A-81CA867AA207}.Debug|Any CPU.Build.0 = Debug|Any CPU
		{81B05B81-52F3-470E-863A-81CA867AA207}.Release|Any CPU.ActiveCfg = Release|Any CPU
		{81B05B81-52F3-470E-863A-81CA867AA207}.Release|Any CPU.Build.0 = Release|Any CPU
	EndGlobalSection
	GlobalSection(SolutionProperties) = preSolution
		HideSolutionNode = FALSE
	EndGlobalSection
	GlobalSection(NestedProjects) = preSolution
		{8C778B45-4400-45E2-892F-BC2615DFADF2} = {7AFBB48B-AAB2-4D85-9952-1F7C6457F622}
		{2EA2765C-2756-46CC-AEAE-27FA51FBFA48} = {7AFBB48B-AAB2-4D85-9952-1F7C6457F622}
		{81B05B81-52F3-470E-863A-81CA867AA207} = {7AFBB48B-AAB2-4D85-9952-1F7C6457F622}
	EndGlobalSection
EndGlobal
